
Microsoft Visual Studio Solution File, Format Version 12.00
# Visual Studio Version 17
VisualStudioVersion = 17.7.34024.191
MinimumVisualStudioVersion = 10.0.40219.1
Project("{FAE04EC0-301F-11D3-BF4B-00C04F79EFBC}") = "Erste", "Erste\Erste.csproj", "{527DFBA9-7892-4A46-8C88-50000A74227A}"
EndProject
Global
	GlobalSection(SolutionConfigurationPlatforms) = preSolution
		Debug|Any CPU = Debug|Any CPU
		Release|Any CPU = Release|Any CPU
	EndGlobalSection
	GlobalSection(ProjectConfigurationPlatforms) = postSolution
		{527DFBA9-7892-4A46-8C88-50000A74227A}.Debug|Any CPU.ActiveCfg = Debug|Any CPU
		{527DFBA9-7892-4A46-8C88-50000A74227A}.Debug|Any CPU.Build.0 = Debug|Any CPU
		{527DFBA9-7892-4A46-8C88-50000A74227A}.Release|Any CPU.ActiveCfg = Release|Any CPU
		{527DFBA9-7892-4A46-8C88-50000A74227A}.Release|Any CPU.Build.0 = Release|Any CPU
	EndGlobalSection
	GlobalSection(SolutionProperties) = preSolution
		HideSolutionNode = FALSE
	EndGlobalSection
	GlobalSection(ExtensibilityGlobals) = postSolution
		SolutionGuid = {2D51E3CF-4EB7-4E39-9DF4-8B4D80192471}
	EndGlobalSection
EndGlobal
